<?xml version="1.0" encoding="UTF-8"?>
<Scheme LastUpgradeVersion = "9999" version = "1.3">
  <BuildAction parallelizeBuildables = "YES" buildImplicitDependencies = "YES">
    <BuildActionEntries>
      <BuildActionEntry buildForTesting = "YES" buildForRunning = "YES" buildForProfiling = "YES" buildForArchiving = "YES" buildForAnalyzing = "YES">
        <BuildableReference
          BuildableIdentifier = "primary"
          BuildableName = "'$(TARGET_NAME)'"
          BlueprintName = "NIOChatClient"
          ReferencedContainer = "container:swift-nio.xcodeproj">
        </BuildableReference>
      </BuildActionEntry>
      <BuildActionEntry buildForTesting = "YES" buildForRunning = "YES" buildForProfiling = "YES" buildForArchiving = "YES" buildForAnalyzing = "YES">
        <BuildableReference
          BuildableIdentifier = "primary"
          BuildableName = "'$(TARGET_NAME)'"
          BlueprintName = "NIOWebSocketServer"
          ReferencedContainer = "container:swift-nio.xcodeproj">
        </BuildableReference>
      </BuildActionEntry>
      <BuildActionEntry buildForTesting = "YES" buildForRunning = "YES" buildForProfiling = "YES" buildForArchiving = "YES" buildForAnalyzing = "YES">
        <BuildableReference
          BuildableIdentifier = "primary"
          BuildableName = "'lib$(TARGET_NAME)'"
          BlueprintName = "NIOTLS"
          ReferencedContainer = "container:swift-nio.xcodeproj">
        </BuildableReference>
      </BuildActionEntry>
      <BuildActionEntry buildForTesting = "YES" buildForRunning = "YES" buildForProfiling = "YES" buildForArchiving = "YES" buildForAnalyzing = "YES">
        <BuildableReference
          BuildableIdentifier = "primary"
          BuildableName = "'lib$(TARGET_NAME)'"
          BlueprintName = "NIOFoundationCompat"
          ReferencedContainer = "container:swift-nio.xcodeproj">
        </BuildableReference>
      </BuildActionEntry>
      <BuildActionEntry buildForTesting = "YES" buildForRunning = "YES" buildForProfiling = "YES" buildForArchiving = "YES" buildForAnalyzing = "YES">
        <BuildableReference
          BuildableIdentifier = "primary"
          BuildableName = "'$(TARGET_NAME)'"
          BlueprintName = "NIOEchoClient"
          ReferencedContainer = "container:swift-nio.xcodeproj">
        </BuildableReference>
      </BuildActionEntry>
      <BuildActionEntry buildForTesting = "YES" buildForRunning = "YES" buildForProfiling = "YES" buildForArchiving = "YES" buildForAnalyzing = "YES">
        <BuildableReference
          BuildableIdentifier = "primary"
          BuildableName = "'lib$(TARGET_NAME)'"
          BlueprintName = "CNIOAtomics"
          ReferencedContainer = "container:swift-nio.xcodeproj">
        </BuildableReference>
      </BuildActionEntry>
      <BuildActionEntry buildForTesting = "YES" buildForRunning = "YES" buildForProfiling = "YES" buildForArchiving = "YES" buildForAnalyzing = "YES">
        <BuildableReference
          BuildableIdentifier = "primary"
          BuildableName = "'lib$(TARGET_NAME)'"
          BlueprintName = "NIO"
          ReferencedContainer = "container:swift-nio.xcodeproj">
        </BuildableReference>
      </BuildActionEntry>
      <BuildActionEntry buildForTesting = "YES" buildForRunning = "YES" buildForProfiling = "YES" buildForArchiving = "YES" buildForAnalyzing = "YES">
        <BuildableReference
          BuildableIdentifier = "primary"
          BuildableName = "'$(TARGET_NAME)'"
          BlueprintName = "NIOHTTP1Client"
          ReferencedContainer = "container:swift-nio.xcodeproj">
        </BuildableReference>
      </BuildActionEntry>
      <BuildActionEntry buildForTesting = "YES" buildForRunning = "YES" buildForProfiling = "YES" buildForArchiving = "YES" buildForAnalyzing = "YES">
        <BuildableReference
          BuildableIdentifier = "primary"
          BuildableName = "'lib$(TARGET_NAME)'"
          BlueprintName = "CNIOLinux"
          ReferencedContainer = "container:swift-nio.xcodeproj">
        </BuildableReference>
      </BuildActionEntry>
      <BuildActionEntry buildForTesting = "YES" buildForRunning = "YES" buildForProfiling = "YES" buildForArchiving = "YES" buildForAnalyzing = "YES">
        <BuildableReference
          BuildableIdentifier = "primary"
          BuildableName = "'lib$(TARGET_NAME)'"
          BlueprintName = "_NIO1APIShims"
          ReferencedContainer = "container:swift-nio.xcodeproj">
        </BuildableReference>
      </BuildActionEntry>
      <BuildActionEntry buildForTesting = "YES" buildForRunning = "YES" buildForProfiling = "YES" buildForArchiving = "YES" buildForAnalyzing = "YES">
        <BuildableReference
          BuildableIdentifier = "primary"
          BuildableName = "'lib$(TARGET_NAME)'"
          BlueprintName = "NIOConcurrencyHelpers"
          ReferencedContainer = "container:swift-nio.xcodeproj">
        </BuildableReference>
      </BuildActionEntry>
      <BuildActionEntry buildForTesting = "YES" buildForRunning = "YES" buildForProfiling = "YES" buildForArchiving = "YES" buildForAnalyzing = "YES">
        <BuildableReference
          BuildableIdentifier = "primary"
          BuildableName = "'lib$(TARGET_NAME)'"
          BlueprintName = "CNIOHTTPParser"
          ReferencedContainer = "container:swift-nio.xcodeproj">
        </BuildableReference>
      </BuildActionEntry>
      <BuildActionEntry buildForTesting = "YES" buildForRunning = "YES" buildForProfiling = "YES" buildForArchiving = "YES" buildForAnalyzing = "YES">
        <BuildableReference
          BuildableIdentifier = "primary"
          BuildableName = "'lib$(TARGET_NAME)'"
          BlueprintName = "NIOTestUtils"
          ReferencedContainer = "container:swift-nio.xcodeproj">
        </BuildableReference>
      </BuildActionEntry>
      <BuildActionEntry buildForTesting = "YES" buildForRunning = "YES" buildForProfiling = "YES" buildForArchiving = "YES" buildForAnalyzing = "YES">
        <BuildableReference
          BuildableIdentifier = "primary"
          BuildableName = "'$(TARGET_NAME)'"
          BlueprintName = "NIOPerformanceTester"
          ReferencedContainer = "container:swift-nio.xcodeproj">
        </BuildableReference>
      </BuildActionEntry>
      <BuildActionEntry buildForTesting = "YES" buildForRunning = "YES" buildForProfiling = "YES" buildForArchiving = "YES" buildForAnalyzing = "YES">
        <BuildableReference
          BuildableIdentifier = "primary"
          BuildableName = "'$(TARGET_NAME)'"
          BlueprintName = "NIOCrashTester"
          ReferencedContainer = "container:swift-nio.xcodeproj">
        </BuildableReference>
      </BuildActionEntry>
      <BuildActionEntry buildForTesting = "YES" buildForRunning = "YES" buildForProfiling = "YES" buildForArchiving = "YES" buildForAnalyzing = "YES">
        <BuildableReference
          BuildableIdentifier = "primary"
          BuildableName = "'lib$(TARGET_NAME)'"
          BlueprintName = "NIOWebSocket"
          ReferencedContainer = "container:swift-nio.xcodeproj">
        </BuildableReference>
      </BuildActionEntry>
      <BuildActionEntry buildForTesting = "YES" buildForRunning = "YES" buildForProfiling = "YES" buildForArchiving = "YES" buildForAnalyzing = "YES">
        <BuildableReference
          BuildableIdentifier = "primary"
          BuildableName = "'$(TARGET_NAME)'"
          BlueprintName = "NIOUDPEchoServer"
          ReferencedContainer = "container:swift-nio.xcodeproj">
        </BuildableReference>
      </BuildActionEntry>
      <BuildActionEntry buildForTesting = "YES" buildForRunning = "YES" buildForProfiling = "YES" buildForArchiving = "YES" buildForAnalyzing = "YES">
        <BuildableReference
          BuildableIdentifier = "primary"
          BuildableName = "'$(TARGET_NAME)'"
          BlueprintName = "NIOEchoServer"
          ReferencedContainer = "container:swift-nio.xcodeproj">
        </BuildableReference>
      </BuildActionEntry>
      <BuildActionEntry buildForTesting = "YES" buildForRunning = "YES" buildForProfiling = "YES" buildForArchiving = "YES" buildForAnalyzing = "YES">
        <BuildableReference
          BuildableIdentifier = "primary"
          BuildableName = "'lib$(TARGET_NAME)'"
          BlueprintName = "CNIOSHA1"
          ReferencedContainer = "container:swift-nio.xcodeproj">
        </BuildableReference>
      </BuildActionEntry>
      <BuildActionEntry buildForTesting = "YES" buildForRunning = "YES" buildForProfiling = "YES" buildForArchiving = "YES" buildForAnalyzing = "YES">
        <BuildableReference
          BuildableIdentifier = "primary"
          BuildableName = "'$(TARGET_NAME)'"
          BlueprintName = "NIOUDPEchoClient"
          ReferencedContainer = "container:swift-nio.xcodeproj">
        </BuildableReference>
      </BuildActionEntry>
      <BuildActionEntry buildForTesting = "YES" buildForRunning = "YES" buildForProfiling = "YES" buildForArchiving = "YES" buildForAnalyzing = "YES">
        <BuildableReference
          BuildableIdentifier = "primary"
          BuildableName = "'$(TARGET_NAME)'"
          BlueprintName = "NIOMulticastChat"
          ReferencedContainer = "container:swift-nio.xcodeproj">
        </BuildableReference>
      </BuildActionEntry>
      <BuildActionEntry buildForTesting = "YES" buildForRunning = "YES" buildForProfiling = "YES" buildForArchiving = "YES" buildForAnalyzing = "YES">
        <BuildableReference
          BuildableIdentifier = "primary"
          BuildableName = "'lib$(TARGET_NAME)'"
          BlueprintName = "CNIOWindows"
          ReferencedContainer = "container:swift-nio.xcodeproj">
        </BuildableReference>
      </BuildActionEntry>
      <BuildActionEntry buildForTesting = "YES" buildForRunning = "YES" buildForProfiling = "YES" buildForArchiving = "YES" buildForAnalyzing = "YES">
        <BuildableReference
          BuildableIdentifier = "primary"
          BuildableName = "'$(TARGET_NAME)'"
          BlueprintName = "NIOHTTP1Server"
          ReferencedContainer = "container:swift-nio.xcodeproj">
        </BuildableReference>
      </BuildActionEntry>
      <BuildActionEntry buildForTesting = "YES" buildForRunning = "YES" buildForProfiling = "YES" buildForArchiving = "YES" buildForAnalyzing = "YES">
        <BuildableReference
          BuildableIdentifier = "primary"
          BuildableName = "'$(TARGET_NAME)'"
          BlueprintName = "NIOChatServer"
          ReferencedContainer = "container:swift-nio.xcodeproj">
        </BuildableReference>
      </BuildActionEntry>
      <BuildActionEntry buildForTesting = "YES" buildForRunning = "YES" buildForProfiling = "YES" buildForArchiving = "YES" buildForAnalyzing = "YES">
        <BuildableReference
          BuildableIdentifier = "primary"
          BuildableName = "'lib$(TARGET_NAME)'"
          BlueprintName = "CNIODarwin"
          ReferencedContainer = "container:swift-nio.xcodeproj">
        </BuildableReference>
      </BuildActionEntry>
      <BuildActionEntry buildForTesting = "YES" buildForRunning = "YES" buildForProfiling = "YES" buildForArchiving = "YES" buildForAnalyzing = "YES">
        <BuildableReference
          BuildableIdentifier = "primary"
          BuildableName = "'lib$(TARGET_NAME)'"
          BlueprintName = "NIOHTTP1"
          ReferencedContainer = "container:swift-nio.xcodeproj">
        </BuildableReference>
      </BuildActionEntry>
      <BuildActionEntry buildForTesting = "YES" buildForRunning = "YES" buildForProfiling = "YES" buildForArchiving = "YES" buildForAnalyzing = "YES">
        <BuildableReference
          BuildableIdentifier = "primary"
          BuildableName = "'$(TARGET_NAME)'"
          BlueprintName = "NIOWebSocketClient"
          ReferencedContainer = "container:swift-nio.xcodeproj">
        </BuildableReference>
      </BuildActionEntry>
    </BuildActionEntries>
  </BuildAction>
  <TestAction
    buildConfiguration = "Debug"
    selectedDebuggerIdentifier = "Xcode.DebuggerFoundation.Debugger.LLDB"
    selectedLauncherIdentifier = "Xcode.DebuggerFoundation.Launcher.LLDB"
    shouldUseLaunchSchemeArgsEnv = "YES"
    codeCoverageEnabled = "NO">
    <Testables>
        <TestableReference
          skipped = "NO">
          <BuildableReference
            BuildableIdentifier = "primary"
            BuildableName = "'$(TARGET_NAME)'"
            BlueprintName = "NIOTests"
            ReferencedContainer = "container:swift-nio.xcodeproj">
          </BuildableReference>
        </TestableReference>
        <TestableReference
          skipped = "NO">
          <BuildableReference
            BuildableIdentifier = "primary"
            BuildableName = "'$(TARGET_NAME)'"
            BlueprintName = "NIOTestUtilsTests"
            ReferencedContainer = "container:swift-nio.xcodeproj">
          </BuildableReference>
        </TestableReference>
        <TestableReference
          skipped = "NO">
          <BuildableReference
            BuildableIdentifier = "primary"
            BuildableName = "'$(TARGET_NAME)'"
            BlueprintName = "NIOWebSocketTests"
            ReferencedContainer = "container:swift-nio.xcodeproj">
          </BuildableReference>
        </TestableReference>
        <TestableReference
          skipped = "NO">
          <BuildableReference
            BuildableIdentifier = "primary"
            BuildableName = "'$(TARGET_NAME)'"
            BlueprintName = "NIOConcurrencyHelpersTests"
            ReferencedContainer = "container:swift-nio.xcodeproj">
          </BuildableReference>
        </TestableReference>
        <TestableReference
          skipped = "NO">
          <BuildableReference
            BuildableIdentifier = "primary"
            BuildableName = "'$(TARGET_NAME)'"
            BlueprintName = "NIOFoundationCompatTests"
            ReferencedContainer = "container:swift-nio.xcodeproj">
          </BuildableReference>
        </TestableReference>
        <TestableReference
          skipped = "NO">
          <BuildableReference
            BuildableIdentifier = "primary"
            BuildableName = "'$(TARGET_NAME)'"
            BlueprintName = "NIOHTTP1Tests"
            ReferencedContainer = "container:swift-nio.xcodeproj">
          </BuildableReference>
        </TestableReference>
        <TestableReference
          skipped = "NO">
          <BuildableReference
            BuildableIdentifier = "primary"
            BuildableName = "'$(TARGET_NAME)'"
            BlueprintName = "NIOTLSTests"
            ReferencedContainer = "container:swift-nio.xcodeproj">
          </BuildableReference>
        </TestableReference>
    </Testables>
  </TestAction>
</Scheme>
